// !$*UTF8*$!
{
	archiveVersion = 1;
	classes = {
	};
	objectVersion = 56;
	objects = {

/* Begin PBXBuildFile section */
		5626E2DA29B9E72000181D2C /* RecordEditView.swift in Sources */ = {isa = PBXBuildFile; fileRef = 5626E2D929B9E72000181D2C /* RecordEditView.swift */; };
		5626E2DD29BA3FE800181D2C /* dateFunctions.swift in Sources */ = {isa = PBXBuildFile; fileRef = 5626E2DC29BA3FE800181D2C /* dateFunctions.swift */; };
		5626E2DF29BA4CB300181D2C /* RecordCardView.swift in Sources */ = {isa = PBXBuildFile; fileRef = 5626E2DE29BA4CB300181D2C /* RecordCardView.swift */; };
		56D9449629B662A200EAF588 /* Voice_AssistantApp.swift in Sources */ = {isa = PBXBuildFile; fileRef = 56D9449529B662A200EAF588 /* Voice_AssistantApp.swift */; };
		56D9449829B662A200EAF588 /* AccountPickerView.swift in Sources */ = {isa = PBXBuildFile; fileRef = 56D9449729B662A200EAF588 /* AccountPickerView.swift */; };
		56D9449A29B662A400EAF588 /* Assets.xcassets in Resources */ = {isa = PBXBuildFile; fileRef = 56D9449929B662A400EAF588 /* Assets.xcassets */; };
		56D9449E29B662A400EAF588 /* Preview Assets.xcassets in Resources */ = {isa = PBXBuildFile; fileRef = 56D9449D29B662A400EAF588 /* Preview Assets.xcassets */; };
		56D944A629B665B200EAF588 /* User.swift in Sources */ = {isa = PBXBuildFile; fileRef = 56D944A529B665B200EAF588 /* User.swift */; };
		56D944AB29B6664A00EAF588 /* AppData.swift in Sources */ = {isa = PBXBuildFile; fileRef = 56D944AA29B6664A00EAF588 /* AppData.swift */; };
		56D944AD29B66A0400EAF588 /* HeaderView.swift in Sources */ = {isa = PBXBuildFile; fileRef = 56D944AC29B66A0400EAF588 /* HeaderView.swift */; };
		56D944B029B7288D00EAF588 /* MainView.swift in Sources */ = {isa = PBXBuildFile; fileRef = 56D944AF29B7288D00EAF588 /* MainView.swift */; };
		56D944B229B7480B00EAF588 /* Account.swift in Sources */ = {isa = PBXBuildFile; fileRef = 56D944B129B7480B00EAF588 /* Account.swift */; };
		56D944B529B7ACAE00EAF588 /* SettingsView.swift in Sources */ = {isa = PBXBuildFile; fileRef = 56D944B429B7ACAE00EAF588 /* SettingsView.swift */; };
		56D944B729B7ACCB00EAF588 /* RecordView.swift in Sources */ = {isa = PBXBuildFile; fileRef = 56D944B629B7ACCB00EAF588 /* RecordView.swift */; };
		56D944BD29B876D400EAF588 /* ManageRecordsView.swift in Sources */ = {isa = PBXBuildFile; fileRef = 56D944BC29B876D400EAF588 /* ManageRecordsView.swift */; };
		56D944C029B877CB00EAF588 /* SpeechRecognizer.swift in Sources */ = {isa = PBXBuildFile; fileRef = 56D944BF29B877CB00EAF588 /* SpeechRecognizer.swift */; };
		56D944C229B88D8200EAF588 /* Record.swift in Sources */ = {isa = PBXBuildFile; fileRef = 56D944C129B88D8200EAF588 /* Record.swift */; };
		56D944C429B9CABD00EAF588 /* TranscriptCardView.swift in Sources */ = {isa = PBXBuildFile; fileRef = 56D944C329B9CABC00EAF588 /* TranscriptCardView.swift */; };
/* End PBXBuildFile section */

/* Begin PBXFileReference section */
		5626E2D929B9E72000181D2C /* RecordEditView.swift */ = {isa = PBXFileReference; lastKnownFileType = sourcecode.swift; path = RecordEditView.swift; sourceTree = "<group>"; };
		5626E2DC29BA3FE800181D2C /* dateFunctions.swift */ = {isa = PBXFileReference; lastKnownFileType = sourcecode.swift; path = dateFunctions.swift; sourceTree = "<group>"; };
		5626E2DE29BA4CB300181D2C /* RecordCardView.swift */ = {isa = PBXFileReference; lastKnownFileType = sourcecode.swift; path = RecordCardView.swift; sourceTree = "<group>"; };
		56D9449229B662A200EAF588 /* Voice Assistant.app */ = {isa = PBXFileReference; explicitFileType = wrapper.application; includeInIndex = 0; path = "Voice Assistant.app"; sourceTree = BUILT_PRODUCTS_DIR; };
		56D9449529B662A200EAF588 /* Voice_AssistantApp.swift */ = {isa = PBXFileReference; lastKnownFileType = sourcecode.swift; path = Voice_AssistantApp.swift; sourceTree = "<group>"; };
		56D9449729B662A200EAF588 /* AccountPickerView.swift */ = {isa = PBXFileReference; lastKnownFileType = sourcecode.swift; path = AccountPickerView.swift; sourceTree = "<group>"; };
		56D9449929B662A400EAF588 /* Assets.xcassets */ = {isa = PBXFileReference; lastKnownFileType = folder.assetcatalog; path = Assets.xcassets; sourceTree = "<group>"; };
		56D9449B29B662A400EAF588 /* Voice_Assistant.entitlements */ = {isa = PBXFileReference; lastKnownFileType = text.plist.entitlements; path = Voice_Assistant.entitlements; sourceTree = "<group>"; };
		56D9449D29B662A400EAF588 /* Preview Assets.xcassets */ = {isa = PBXFileReference; lastKnownFileType = folder.assetcatalog; path = "Preview Assets.xcassets"; sourceTree = "<group>"; };
		56D944A529B665B200EAF588 /* User.swift */ = {isa = PBXFileReference; lastKnownFileType = sourcecode.swift; path = User.swift; sourceTree = "<group>"; };
		56D944AA29B6664A00EAF588 /* AppData.swift */ = {isa = PBXFileReference; lastKnownFileType = sourcecode.swift; path = AppData.swift; sourceTree = "<group>"; };
		56D944AC29B66A0400EAF588 /* HeaderView.swift */ = {isa = PBXFileReference; lastKnownFileType = sourcecode.swift; path = HeaderView.swift; sourceTree = "<group>"; };
		56D944AF29B7288D00EAF588 /* MainView.swift */ = {isa = PBXFileReference; lastKnownFileType = sourcecode.swift; path = MainView.swift; sourceTree = "<group>"; };
		56D944B129B7480B00EAF588 /* Account.swift */ = {isa = PBXFileReference; lastKnownFileType = sourcecode.swift; path = Account.swift; sourceTree = "<group>"; };
		56D944B429B7ACAE00EAF588 /* SettingsView.swift */ = {isa = PBXFileReference; lastKnownFileType = sourcecode.swift; path = SettingsView.swift; sourceTree = "<group>"; };
		56D944B629B7ACCB00EAF588 /* RecordView.swift */ = {isa = PBXFileReference; lastKnownFileType = sourcecode.swift; path = RecordView.swift; sourceTree = "<group>"; };
		56D944BC29B876D400EAF588 /* ManageRecordsView.swift */ = {isa = PBXFileReference; lastKnownFileType = sourcecode.swift; path = ManageRecordsView.swift; sourceTree = "<group>"; };
		56D944BF29B877CB00EAF588 /* SpeechRecognizer.swift */ = {isa = PBXFileReference; fileEncoding = 4; lastKnownFileType = sourcecode.swift; path = SpeechRecognizer.swift; sourceTree = "<group>"; };
		56D944C129B88D8200EAF588 /* Record.swift */ = {isa = PBXFileReference; lastKnownFileType = sourcecode.swift; path = Record.swift; sourceTree = "<group>"; };
		56D944C329B9CABC00EAF588 /* TranscriptCardView.swift */ = {isa = PBXFileReference; lastKnownFileType = sourcecode.swift; path = TranscriptCardView.swift; sourceTree = "<group>"; };
/* End PBXFileReference section */

/* Begin PBXFrameworksBuildPhase section */
		56D9448F29B662A200EAF588 /* Frameworks */ = {
			isa = PBXFrameworksBuildPhase;
			buildActionMask = 2147483647;
			files = (
			);
			runOnlyForDeploymentPostprocessing = 0;
		};
/* End PBXFrameworksBuildPhase section */

/* Begin PBXGroup section */
		5626E2DB29BA3FCA00181D2C /* Usecase */ = {
			isa = PBXGroup;
			children = (
				5626E2DC29BA3FE800181D2C /* dateFunctions.swift */,
			);
			path = Usecase;
			sourceTree = "<group>";
		};
		56D9448929B662A200EAF588 = {
			isa = PBXGroup;
			children = (
				56D9449429B662A200EAF588 /* Voice Assistant */,
				56D9449329B662A200EAF588 /* Products */,
			);
			sourceTree = "<group>";
		};
		56D9449329B662A200EAF588 /* Products */ = {
			isa = PBXGroup;
			children = (
				56D9449229B662A200EAF588 /* Voice Assistant.app */,
			);
			name = Products;
			sourceTree = "<group>";
		};
		56D9449429B662A200EAF588 /* Voice Assistant */ = {
			isa = PBXGroup;
			children = (
				56D944BB29B8769B00EAF588 /* ManageRecords */,
				56D944B829B7ACCF00EAF588 /* Record */,
				56D944B329B7ACA100EAF588 /* Settings */,
				56D944AE29B7287D00EAF588 /* Main */,
				56D944A729B6662000EAF588 /* Common */,
				56D944A429B6645A00EAF588 /* AccountPicker */,
				56D9449529B662A200EAF588 /* Voice_AssistantApp.swift */,
				56D9449929B662A400EAF588 /* Assets.xcassets */,
				56D9449B29B662A400EAF588 /* Voice_Assistant.entitlements */,
				56D9449C29B662A400EAF588 /* Preview Content */,
			);
			path = "Voice Assistant";
			sourceTree = "<group>";
		};
		56D9449C29B662A400EAF588 /* Preview Content */ = {
			isa = PBXGroup;
			children = (
				56D9449D29B662A400EAF588 /* Preview Assets.xcassets */,
			);
			path = "Preview Content";
			sourceTree = "<group>";
		};
		56D944A429B6645A00EAF588 /* AccountPicker */ = {
			isa = PBXGroup;
			children = (
				56D9449729B662A200EAF588 /* AccountPickerView.swift */,
				56D944AC29B66A0400EAF588 /* HeaderView.swift */,
			);
			path = AccountPicker;
			sourceTree = "<group>";
		};
		56D944A729B6662000EAF588 /* Common */ = {
			isa = PBXGroup;
			children = (
				5626E2DB29BA3FCA00181D2C /* Usecase */,
				56D944A829B6662900EAF588 /* Model */,
			);
			path = Common;
			sourceTree = "<group>";
		};
		56D944A829B6662900EAF588 /* Model */ = {
			isa = PBXGroup;
			children = (
				56D944AA29B6664A00EAF588 /* AppData.swift */,
				56D944B129B7480B00EAF588 /* Account.swift */,
				56D944A529B665B200EAF588 /* User.swift */,
				56D944C129B88D8200EAF588 /* Record.swift */,
			);
			path = Model;
			sourceTree = "<group>";
		};
		56D944AE29B7287D00EAF588 /* Main */ = {
			isa = PBXGroup;
			children = (
				56D944AF29B7288D00EAF588 /* MainView.swift */,
			);
			path = Main;
			sourceTree = "<group>";
		};
		56D944B329B7ACA100EAF588 /* Settings */ = {
			isa = PBXGroup;
			children = (
				56D944B429B7ACAE00EAF588 /* SettingsView.swift */,
			);
			path = Settings;
			sourceTree = "<group>";
		};
		56D944B829B7ACCF00EAF588 /* Record */ = {
			isa = PBXGroup;
			children = (
				56D944BE29B877B200EAF588 /* Model */,
				56D944B629B7ACCB00EAF588 /* RecordView.swift */,
				56D944C329B9CABC00EAF588 /* TranscriptCardView.swift */,
				5626E2D929B9E72000181D2C /* RecordEditView.swift */,
			);
			path = Record;
			sourceTree = "<group>";
		};
		56D944BB29B8769B00EAF588 /* ManageRecords */ = {
			isa = PBXGroup;
			children = (
				56D944BC29B876D400EAF588 /* ManageRecordsView.swift */,
				5626E2DE29BA4CB300181D2C /* RecordCardView.swift */,
			);
			path = ManageRecords;
			sourceTree = "<group>";
		};
		56D944BE29B877B200EAF588 /* Model */ = {
			isa = PBXGroup;
			children = (
				56D944BF29B877CB00EAF588 /* SpeechRecognizer.swift */,
			);
			path = Model;
			sourceTree = "<group>";
		};
/* End PBXGroup section */

/* Begin PBXNativeTarget section */
		56D9449129B662A200EAF588 /* Voice Assistant */ = {
			isa = PBXNativeTarget;
			buildConfigurationList = 56D944A129B662A400EAF588 /* Build configuration list for PBXNativeTarget "Voice Assistant" */;
			buildPhases = (
				56D9448E29B662A200EAF588 /* Sources */,
				56D9448F29B662A200EAF588 /* Frameworks */,
				56D9449029B662A200EAF588 /* Resources */,
			);
			buildRules = (
			);
			dependencies = (
			);
			name = "Voice Assistant";
			productName = "Voice Assistant";
			productReference = 56D9449229B662A200EAF588 /* Voice Assistant.app */;
			productType = "com.apple.product-type.application";
		};
/* End PBXNativeTarget section */

/* Begin PBXProject section */
		56D9448A29B662A200EAF588 /* Project object */ = {
			isa = PBXProject;
			attributes = {
				BuildIndependentTargetsInParallel = 1;
				LastSwiftUpdateCheck = 1420;
				LastUpgradeCheck = 1420;
				TargetAttributes = {
					56D9449129B662A200EAF588 = {
						CreatedOnToolsVersion = 14.2;
					};
				};
			};
			buildConfigurationList = 56D9448D29B662A200EAF588 /* Build configuration list for PBXProject "Voice Assistant" */;
			compatibilityVersion = "Xcode 14.0";
			developmentRegion = en;
			hasScannedForEncodings = 0;
			knownRegions = (
				en,
				Base,
			);
			mainGroup = 56D9448929B662A200EAF588;
			productRefGroup = 56D9449329B662A200EAF588 /* Products */;
			projectDirPath = "";
			projectRoot = "";
			targets = (
				56D9449129B662A200EAF588 /* Voice Assistant */,
			);
		};
/* End PBXProject section */

/* Begin PBXResourcesBuildPhase section */
		56D9449029B662A200EAF588 /* Resources */ = {
			isa = PBXResourcesBuildPhase;
			buildActionMask = 2147483647;
			files = (
				56D9449E29B662A400EAF588 /* Preview Assets.xcassets in Resources */,
				56D9449A29B662A400EAF588 /* Assets.xcassets in Resources */,
			);
			runOnlyForDeploymentPostprocessing = 0;
		};
/* End PBXResourcesBuildPhase section */

/* Begin PBXSourcesBuildPhase section */
		56D9448E29B662A200EAF588 /* Sources */ = {
			isa = PBXSourcesBuildPhase;
			buildActionMask = 2147483647;
			files = (
				56D944AD29B66A0400EAF588 /* HeaderView.swift in Sources */,
				56D944C429B9CABD00EAF588 /* TranscriptCardView.swift in Sources */,
				5626E2DD29BA3FE800181D2C /* dateFunctions.swift in Sources */,
				5626E2DF29BA4CB300181D2C /* RecordCardView.swift in Sources */,
				56D944B729B7ACCB00EAF588 /* RecordView.swift in Sources */,
				56D944C229B88D8200EAF588 /* Record.swift in Sources */,
				56D944C029B877CB00EAF588 /* SpeechRecognizer.swift in Sources */,
				5626E2DA29B9E72000181D2C /* RecordEditView.swift in Sources */,
				56D944B529B7ACAE00EAF588 /* SettingsView.swift in Sources */,
				56D944B029B7288D00EAF588 /* MainView.swift in Sources */,
				56D9449829B662A200EAF588 /* AccountPickerView.swift in Sources */,
				56D9449629B662A200EAF588 /* Voice_AssistantApp.swift in Sources */,
				56D944BD29B876D400EAF588 /* ManageRecordsView.swift in Sources */,
				56D944A629B665B200EAF588 /* User.swift in Sources */,
				56D944AB29B6664A00EAF588 /* AppData.swift in Sources */,
				56D944B229B7480B00EAF588 /* Account.swift in Sources */,
			);
			runOnlyForDeploymentPostprocessing = 0;
		};
/* End PBXSourcesBuildPhase section */

/* Begin XCBuildConfiguration section */
		56D9449F29B662A400EAF588 /* Debug */ = {
			isa = XCBuildConfiguration;
			buildSettings = {
				ALWAYS_SEARCH_USER_PATHS = NO;
				CLANG_ANALYZER_NONNULL = YES;
				CLANG_ANALYZER_NUMBER_OBJECT_CONVERSION = YES_AGGRESSIVE;
				CLANG_CXX_LANGUAGE_STANDARD = "gnu++20";
				CLANG_ENABLE_MODULES = YES;
				CLANG_ENABLE_OBJC_ARC = YES;
				CLANG_ENABLE_OBJC_WEAK = YES;
				CLANG_WARN_BLOCK_CAPTURE_AUTORELEASING = YES;
				CLANG_WARN_BOOL_CONVERSION = YES;
				CLANG_WARN_COMMA = YES;
				CLANG_WARN_CONSTANT_CONVERSION = YES;
				CLANG_WARN_DEPRECATED_OBJC_IMPLEMENTATIONS = YES;
				CLANG_WARN_DIRECT_OBJC_ISA_USAGE = YES_ERROR;
				CLANG_WARN_DOCUMENTATION_COMMENTS = YES;
				CLANG_WARN_EMPTY_BODY = YES;
				CLANG_WARN_ENUM_CONVERSION = YES;
				CLANG_WARN_INFINITE_RECURSION = YES;
				CLANG_WARN_INT_CONVERSION = YES;
				CLANG_WARN_NON_LITERAL_NULL_CONVERSION = YES;
				CLANG_WARN_OBJC_IMPLICIT_RETAIN_SELF = YES;
				CLANG_WARN_OBJC_LITERAL_CONVERSION = YES;
				CLANG_WARN_OBJC_ROOT_CLASS = YES_ERROR;
				CLANG_WARN_QUOTED_INCLUDE_IN_FRAMEWORK_HEADER = YES;
				CLANG_WARN_RANGE_LOOP_ANALYSIS = YES;
				CLANG_WARN_STRICT_PROTOTYPES = YES;
				CLANG_WARN_SUSPICIOUS_MOVE = YES;
				CLANG_WARN_UNGUARDED_AVAILABILITY = YES_AGGRESSIVE;
				CLANG_WARN_UNREACHABLE_CODE = YES;
				CLANG_WARN__DUPLICATE_METHOD_MATCH = YES;
				COPY_PHASE_STRIP = NO;
				DEBUG_INFORMATION_FORMAT = dwarf;
				ENABLE_STRICT_OBJC_MSGSEND = YES;
				ENABLE_TESTABILITY = YES;
				GCC_C_LANGUAGE_STANDARD = gnu11;
				GCC_DYNAMIC_NO_PIC = NO;
				GCC_NO_COMMON_BLOCKS = YES;
				GCC_OPTIMIZATION_LEVEL = 0;
				GCC_PREPROCESSOR_DEFINITIONS = (
					"DEBUG=1",
					"$(inherited)",
				);
				GCC_WARN_64_TO_32_BIT_CONVERSION = YES;
				GCC_WARN_ABOUT_RETURN_TYPE = YES_ERROR;
				GCC_WARN_UNDECLARED_SELECTOR = YES;
				GCC_WARN_UNINITIALIZED_AUTOS = YES_AGGRESSIVE;
				GCC_WARN_UNUSED_FUNCTION = YES;
				GCC_WARN_UNUSED_VARIABLE = YES;
				MTL_ENABLE_DEBUG_INFO = INCLUDE_SOURCE;
				MTL_FAST_MATH = YES;
				ONLY_ACTIVE_ARCH = YES;
				SWIFT_ACTIVE_COMPILATION_CONDITIONS = DEBUG;
				SWIFT_OPTIMIZATION_LEVEL = "-Onone";
			};
			name = Debug;
		};
		56D944A029B662A400EAF588 /* Release */ = {
			isa = XCBuildConfiguration;
			buildSettings = {
				ALWAYS_SEARCH_USER_PATHS = NO;
				CLANG_ANALYZER_NONNULL = YES;
				CLANG_ANALYZER_NUMBER_OBJECT_CONVERSION = YES_AGGRESSIVE;
				CLANG_CXX_LANGUAGE_STANDARD = "gnu++20";
				CLANG_ENABLE_MODULES = YES;
				CLANG_ENABLE_OBJC_ARC = YES;
				CLANG_ENABLE_OBJC_WEAK = YES;
				CLANG_WARN_BLOCK_CAPTURE_AUTORELEASING = YES;
				CLANG_WARN_BOOL_CONVERSION = YES;
				CLANG_WARN_COMMA = YES;
				CLANG_WARN_CONSTANT_CONVERSION = YES;
				CLANG_WARN_DEPRECATED_OBJC_IMPLEMENTATIONS = YES;
				CLANG_WARN_DIRECT_OBJC_ISA_USAGE = YES_ERROR;
				CLANG_WARN_DOCUMENTATION_COMMENTS = YES;
				CLANG_WARN_EMPTY_BODY = YES;
				CLANG_WARN_ENUM_CONVERSION = YES;
				CLANG_WARN_INFINITE_RECURSION = YES;
				CLANG_WARN_INT_CONVERSION = YES;
				CLANG_WARN_NON_LITERAL_NULL_CONVERSION = YES;
				CLANG_WARN_OBJC_IMPLICIT_RETAIN_SELF = YES;
				CLANG_WARN_OBJC_LITERAL_CONVERSION = YES;
				CLANG_WARN_OBJC_ROOT_CLASS = YES_ERROR;
				CLANG_WARN_QUOTED_INCLUDE_IN_FRAMEWORK_HEADER = YES;
				CLANG_WARN_RANGE_LOOP_ANALYSIS = YES;
				CLANG_WARN_STRICT_PROTOTYPES = YES;
				CLANG_WARN_SUSPICIOUS_MOVE = YES;
				CLANG_WARN_UNGUARDED_AVAILABILITY = YES_AGGRESSIVE;
				CLANG_WARN_UNREACHABLE_CODE = YES;
				CLANG_WARN__DUPLICATE_METHOD_MATCH = YES;
				COPY_PHASE_STRIP = NO;
				DEBUG_INFORMATION_FORMAT = "dwarf-with-dsym";
				ENABLE_NS_ASSERTIONS = NO;
				ENABLE_STRICT_OBJC_MSGSEND = YES;
				GCC_C_LANGUAGE_STANDARD = gnu11;
				GCC_NO_COMMON_BLOCKS = YES;
				GCC_WARN_64_TO_32_BIT_CONVERSION = YES;
				GCC_WARN_ABOUT_RETURN_TYPE = YES_ERROR;
				GCC_WARN_UNDECLARED_SELECTOR = YES;
				GCC_WARN_UNINITIALIZED_AUTOS = YES_AGGRESSIVE;
				GCC_WARN_UNUSED_FUNCTION = YES;
				GCC_WARN_UNUSED_VARIABLE = YES;
				MTL_ENABLE_DEBUG_INFO = NO;
				MTL_FAST_MATH = YES;
				SWIFT_COMPILATION_MODE = wholemodule;
				SWIFT_OPTIMIZATION_LEVEL = "-O";
			};
			name = Release;
		};
		56D944A229B662A400EAF588 /* Debug */ = {
			isa = XCBuildConfiguration;
			buildSettings = {
				ASSETCATALOG_COMPILER_APPICON_NAME = AppIcon;
				ASSETCATALOG_COMPILER_GLOBAL_ACCENT_COLOR_NAME = AccentColor;
				CODE_SIGN_ENTITLEMENTS = "Voice Assistant/Voice_Assistant.entitlements";
				CODE_SIGN_STYLE = Automatic;
				CURRENT_PROJECT_VERSION = 1;
				DEVELOPMENT_ASSET_PATHS = "\"Voice Assistant/Preview Content\"";
				ENABLE_PREVIEWS = YES;
				GENERATE_INFOPLIST_FILE = YES;
				INFOPLIST_KEY_NSMicrophoneUsageDescription = "";
				INFOPLIST_KEY_NSSpeechRecognitionUsageDescription = "";
				"INFOPLIST_KEY_UIApplicationSceneManifest_Generation[sdk=iphoneos*]" = YES;
				"INFOPLIST_KEY_UIApplicationSceneManifest_Generation[sdk=iphonesimulator*]" = YES;
				"INFOPLIST_KEY_UIApplicationSupportsIndirectInputEvents[sdk=iphoneos*]" = YES;
				"INFOPLIST_KEY_UIApplicationSupportsIndirectInputEvents[sdk=iphonesimulator*]" = YES;
				"INFOPLIST_KEY_UILaunchScreen_Generation[sdk=iphoneos*]" = YES;
				"INFOPLIST_KEY_UILaunchScreen_Generation[sdk=iphonesimulator*]" = YES;
				"INFOPLIST_KEY_UIStatusBarStyle[sdk=iphoneos*]" = UIStatusBarStyleDefault;
				"INFOPLIST_KEY_UIStatusBarStyle[sdk=iphonesimulator*]" = UIStatusBarStyleDefault;
				INFOPLIST_KEY_UISupportedInterfaceOrientations_iPad = "UIInterfaceOrientationPortrait UIInterfaceOrientationPortraitUpsideDown UIInterfaceOrientationLandscapeLeft UIInterfaceOrientationLandscapeRight";
				INFOPLIST_KEY_UISupportedInterfaceOrientations_iPhone = "UIInterfaceOrientationPortrait UIInterfaceOrientationLandscapeLeft UIInterfaceOrientationLandscapeRight";
				IPHONEOS_DEPLOYMENT_TARGET = 16.2;
				LD_RUNPATH_SEARCH_PATHS = "@executable_path/Frameworks";
				"LD_RUNPATH_SEARCH_PATHS[sdk=macosx*]" = "@executable_path/../Frameworks";
				MACOSX_DEPLOYMENT_TARGET = 13.1;
				MARKETING_VERSION = 1.0;
				PRODUCT_BUNDLE_IDENTIFIER = "com.black.baron.Voice-Assistant";
				PRODUCT_NAME = "$(TARGET_NAME)";
				SDKROOT = auto;
				SUPPORTED_PLATFORMS = "iphoneos iphonesimulator";
				SUPPORTS_MACCATALYST = NO;
				SUPPORTS_MAC_DESIGNED_FOR_IPHONE_IPAD = NO;
				SWIFT_EMIT_LOC_STRINGS = YES;
				SWIFT_VERSION = 5.0;
				TARGETED_DEVICE_FAMILY = "1,2";
			};
			name = Debug;
		};
		56D944A329B662A400EAF588 /* Release */ = {
			isa = XCBuildConfiguration;
			buildSettings = {
				ASSETCATALOG_COMPILER_APPICON_NAME = AppIcon;
				ASSETCATALOG_COMPILER_GLOBAL_ACCENT_COLOR_NAME = AccentColor;
				CODE_SIGN_ENTITLEMENTS = "Voice Assistant/Voice_Assistant.entitlements";
				CODE_SIGN_STYLE = Automatic;
				CURRENT_PROJECT_VERSION = 1;
				DEVELOPMENT_ASSET_PATHS = "\"Voice Assistant/Preview Content\"";
				ENABLE_PREVIEWS = YES;
				GENERATE_INFOPLIST_FILE = YES;
				INFOPLIST_KEY_NSMicrophoneUsageDescription = "";
				INFOPLIST_KEY_NSSpeechRecognitionUsageDescription = "";
				"INFOPLIST_KEY_UIApplicationSceneManifest_Generation[sdk=iphoneos*]" = YES;
				"INFOPLIST_KEY_UIApplicationSceneManifest_Generation[sdk=iphonesimulator*]" = YES;
				"INFOPLIST_KEY_UIApplicationSupportsIndirectInputEvents[sdk=iphoneos*]" = YES;
				"INFOPLIST_KEY_UIApplicationSupportsIndirectInputEvents[sdk=iphonesimulator*]" = YES;
				"INFOPLIST_KEY_UILaunchScreen_Generation[sdk=iphoneos*]" = YES;
				"INFOPLIST_KEY_UILaunchScreen_Generation[sdk=iphonesimulator*]" = YES;
				"INFOPLIST_KEY_UIStatusBarStyle[sdk=iphoneos*]" = UIStatusBarStyleDefault;
				"INFOPLIST_KEY_UIStatusBarStyle[sdk=iphonesimulator*]" = UIStatusBarStyleDefault;
				INFOPLIST_KEY_UISupportedInterfaceOrientations_iPad = "UIInterfaceOrientationPortrait UIInterfaceOrientationPortraitUpsideDown UIInterfaceOrientationLandscapeLeft UIInterfaceOrientationLandscapeRight";
				INFOPLIST_KEY_UISupportedInterfaceOrientations_iPhone = "UIInterfaceOrientationPortrait UIInterfaceOrientationLandscapeLeft UIInterfaceOrientationLandscapeRight";
				IPHONEOS_DEPLOYMENT_TARGET = 16.2;
				LD_RUNPATH_SEARCH_PATHS = "@executable_path/Frameworks";
				"LD_RUNPATH_SEARCH_PATHS[sdk=macosx*]" = "@executable_path/../Frameworks";
				MACOSX_DEPLOYMENT_TARGET = 13.1;
				MARKETING_VERSION = 1.0;
				PRODUCT_BUNDLE_IDENTIFIER = "com.black.baron.Voice-Assistant";
				PRODUCT_NAME = "$(TARGET_NAME)";
				SDKROOT = auto;
				SUPPORTED_PLATFORMS = "iphoneos iphonesimulator";
				SUPPORTS_MACCATALYST = NO;
				SUPPORTS_MAC_DESIGNED_FOR_IPHONE_IPAD = NO;
				SWIFT_EMIT_LOC_STRINGS = YES;
				SWIFT_VERSION = 5.0;
				TARGETED_DEVICE_FAMILY = "1,2";
			};
			name = Release;
		};
/* End XCBuildConfiguration section */

/* Begin XCConfigurationList section */
		56D9448D29B662A200EAF588 /* Build configuration list for PBXProject "Voice Assistant" */ = {
			isa = XCConfigurationList;
			buildConfigurations = (
				56D9449F29B662A400EAF588 /* Debug */,
				56D944A029B662A400EAF588 /* Release */,
			);
			defaultConfigurationIsVisible = 0;
			defaultConfigurationName = Release;
		};
		56D944A129B662A400EAF588 /* Build configuration list for PBXNativeTarget "Voice Assistant" */ = {
			isa = XCConfigurationList;
			buildConfigurations = (
				56D944A229B662A400EAF588 /* Debug */,
				56D944A329B662A400EAF588 /* Release */,
			);
			defaultConfigurationIsVisible = 0;
			defaultConfigurationName = Release;
		};
/* End XCConfigurationList section */
	};
	rootObject = 56D9448A29B662A200EAF588 /* Project object */;
}
